
Microsoft Visual Studio Solution File, Format Version 12.00
Project("{FAE04EC0-301F-11D3-BF4B-00C04F79EFBC}") = "Inertia", "Inertia\Inertia.csproj", "{315FF76F-0BCE-49D3-96AF-58AC3308F73D}"
EndProject
Global
	GlobalSection(SolutionConfigurationPlatforms) = preSolution
		Debug|Any CPU = Debug|Any CPU
		Release|Any CPU = Release|Any CPU
	EndGlobalSection
	GlobalSection(ProjectConfigurationPlatforms) = postSolution
		{315FF76F-0BCE-49D3-96AF-58AC3308F73D}.Debug|Any CPU.ActiveCfg = Debug|Any CPU
		{315FF76F-0BCE-49D3-96AF-58AC3308F73D}.Debug|Any CPU.Build.0 = Debug|Any CPU
		{315FF76F-0BCE-49D3-96AF-58AC3308F73D}.Release|Any CPU.ActiveCfg = Release|Any CPU
		{315FF76F-0BCE-49D3-96AF-58AC3308F73D}.Release|Any CPU.Build.0 = Release|Any CPU
	EndGlobalSection
EndGlobal
